
Microsoft Visual Studio Solution File, Format Version 12.00
# Visual Studio Version 17
VisualStudioVersion = 17.2.32519.379
MinimumVisualStudioVersion = 10.0.40219.1
Project("{9A19103F-16F7-4668-BE54-9A1E7A4F7556}") = "Beamasp.GeoLocator", "..\..\..\wmamudubasemap\MarkEmbling.PostcodesIO\src\MarkEmbling.PostcodesIO\Beamasp.GeoLocator.csproj", "{FECDECD7-9ACA-4BE2-886D-C3D7BBA96B2A}"
EndProject
Project("{FAE04EC0-301F-11D3-BF4B-00C04F79EFBC}") = "Beamasp.GeoLocator.RVE", "..\Beamasp.GeoLocator.RVE\Beamasp.GeoLocator.RVE.csproj", "{86EC8CD8-349D-40FA-9616-0516F55DEB18}"
EndProject
Global
	GlobalSection(SolutionConfigurationPlatforms) = preSolution
		Debug|Any CPU = Debug|Any CPU
		Release|Any CPU = Release|Any CPU
	EndGlobalSection
	GlobalSection(ProjectConfigurationPlatforms) = postSolution
		{FECDECD7-9ACA-4BE2-886D-C3D7BBA96B2A}.Debug|Any CPU.ActiveCfg = Debug|Any CPU
		{FECDECD7-9ACA-4BE2-886D-C3D7BBA96B2A}.Debug|Any CPU.Build.0 = Debug|Any CPU
		{FECDECD7-9ACA-4BE2-886D-C3D7BBA96B2A}.Release|Any CPU.ActiveCfg = Release|Any CPU
		{FECDECD7-9ACA-4BE2-886D-C3D7BBA96B2A}.Release|Any CPU.Build.0 = Release|Any CPU
		{86EC8CD8-349D-40FA-9616-0516F55DEB18}.Debug|Any CPU.ActiveCfg = Debug|Any CPU
		{86EC8CD8-349D-40FA-9616-0516F55DEB18}.Debug|Any CPU.Build.0 = Debug|Any CPU
		{86EC8CD8-349D-40FA-9616-0516F55DEB18}.Release|Any CPU.ActiveCfg = Release|Any CPU
		{86EC8CD8-349D-40FA-9616-0516F55DEB18}.Release|Any CPU.Build.0 = Release|Any CPU
	EndGlobalSection
	GlobalSection(SolutionProperties) = preSolution
		HideSolutionNode = FALSE
	EndGlobalSection
	GlobalSection(ExtensibilityGlobals) = postSolution
		SolutionGuid = {C442BC72-3354-40A2-8312-EF586160F039}
	EndGlobalSection
EndGlobal
