
Microsoft Visual Studio Solution File, Format Version 12.00
# Visual Studio Version 17
VisualStudioVersion = 17.2.32519.379
MinimumVisualStudioVersion = 10.0.40219.1
Project("{9A19103F-16F7-4668-BE54-9A1E7A4F7556}") = "MarkEmbling.PostcodesIO", "MarkEmbling.PostcodesIO.csproj", "{655B037F-96A3-4252-A8A1-DD46C1E215B0}"
EndProject
Project("{9A19103F-16F7-4668-BE54-9A1E7A4F7556}") = "Beamasp.GeoLocator", "..\..\..\wmamudubasemap\MarkEmbling.PostcodesIO\src\MarkEmbling.PostcodesIO\Beamasp.GeoLocator.csproj", "{FECDECD7-9ACA-4BE2-886D-C3D7BBA96B2A}"
EndProject
Global
	GlobalSection(SolutionConfigurationPlatforms) = preSolution
		Debug|Any CPU = Debug|Any CPU
		Release|Any CPU = Release|Any CPU
	EndGlobalSection
	GlobalSection(ProjectConfigurationPlatforms) = postSolution
		{655B037F-96A3-4252-A8A1-DD46C1E215B0}.Debug|Any CPU.ActiveCfg = Debug|Any CPU
		{655B037F-96A3-4252-A8A1-DD46C1E215B0}.Debug|Any CPU.Build.0 = Debug|Any CPU
		{655B037F-96A3-4252-A8A1-DD46C1E215B0}.Release|Any CPU.ActiveCfg = Release|Any CPU
		{655B037F-96A3-4252-A8A1-DD46C1E215B0}.Release|Any CPU.Build.0 = Release|Any CPU
		{FECDECD7-9ACA-4BE2-886D-C3D7BBA96B2A}.Debug|Any CPU.ActiveCfg = Debug|Any CPU
		{FECDECD7-9ACA-4BE2-886D-C3D7BBA96B2A}.Debug|Any CPU.Build.0 = Debug|Any CPU
		{FECDECD7-9ACA-4BE2-886D-C3D7BBA96B2A}.Release|Any CPU.ActiveCfg = Release|Any CPU
		{FECDECD7-9ACA-4BE2-886D-C3D7BBA96B2A}.Release|Any CPU.Build.0 = Release|Any CPU
	EndGlobalSection
	GlobalSection(SolutionProperties) = preSolution
		HideSolutionNode = FALSE
	EndGlobalSection
	GlobalSection(ExtensibilityGlobals) = postSolution
		SolutionGuid = {C442BC72-3354-40A2-8312-EF586160F039}
	EndGlobalSection
EndGlobal
